
Microsoft Visual Studio Solution File, Format Version 12.00
# Visual Studio 15
VisualStudioVersion = 15.0.28010.2036
MinimumVisualStudioVersion = 10.0.40219.1
Project("{FAE04EC0-301F-11D3-BF4B-00C04F79EFBC}") = "ContactAPI", "ContactAPI\ContactAPI.csproj", "{93AF5AA8-8389-4ACB-9C01-F513FE84B9C0}"
EndProject
Global
	GlobalSection(SolutionConfigurationPlatforms) = preSolution
		Debug|Any CPU = Debug|Any CPU
		Release|Any CPU = Release|Any CPU
	EndGlobalSection
	GlobalSection(ProjectConfigurationPlatforms) = postSolution
		{93AF5AA8-8389-4ACB-9C01-F513FE84B9C0}.Debug|Any CPU.ActiveCfg = Debug|Any CPU
		{93AF5AA8-8389-4ACB-9C01-F513FE84B9C0}.Debug|Any CPU.Build.0 = Debug|Any CPU
		{93AF5AA8-8389-4ACB-9C01-F513FE84B9C0}.Release|Any CPU.ActiveCfg = Release|Any CPU
		{93AF5AA8-8389-4ACB-9C01-F513FE84B9C0}.Release|Any CPU.Build.0 = Release|Any CPU
	EndGlobalSection
	GlobalSection(SolutionProperties) = preSolution
		HideSolutionNode = FALSE
	EndGlobalSection
	GlobalSection(ExtensibilityGlobals) = postSolution
		SolutionGuid = {1A71CCCC-F7F8-4AA9-9236-04B29D6DAB63}
	EndGlobalSection
EndGlobal
